{
  "name": "proxyeasy",
  "version": "1.0.0",
  "lockfileVersion": 3,
  "requires": true,
  "packages": {
    "": {
      "name": "proxyeasy",
      "version": "1.0.0",
      "license": "ISC"
    },
    "node_modules/.store/lodash@4.17.21/node_modules/lodash": {
      "version": "4.17.21",
      "extraneous": true,
      "license": "MIT"
    }
  }
}
